// !$*UTF8*$!
{
	archiveVersion = 1;
	classes = {
	};
	objectVersion = 48;
	objects = {

/* Begin PBXBuildFile section */
		3E950105200E148F00423FA1 /* AppDelegate.m in Sources */ = {isa = PBXBuildFile; fileRef = 3E950104200E148F00423FA1 /* AppDelegate.m */; };
		3E950108200E148F00423FA1 /* ViewController.m in Sources */ = {isa = PBXBuildFile; fileRef = 3E950107200E148F00423FA1 /* ViewController.m */; };
		3E95010B200E148F00423FA1 /* Main.storyboard in Resources */ = {isa = PBXBuildFile; fileRef = 3E950109200E148F00423FA1 /* Main.storyboard */; };
		3E95010D200E148F00423FA1 /* Assets.xcassets in Resources */ = {isa = PBXBuildFile; fileRef = 3E95010C200E148F00423FA1 /* Assets.xcassets */; };
		3E950110200E148F00423FA1 /* LaunchScreen.storyboard in Resources */ = {isa = PBXBuildFile; fileRef = 3E95010E200E148F00423FA1 /* LaunchScreen.storyboard */; };
		3E950113200E148F00423FA1 /* main.m in Sources */ = {isa = PBXBuildFile; fileRef = 3E950112200E148F00423FA1 /* main.m */; };
		3E95011D200E149000423FA1 /* NavgationAlphaDemoTests.m in Sources */ = {isa = PBXBuildFile; fileRef = 3E95011C200E149000423FA1 /* NavgationAlphaDemoTests.m */; };
		3E950128200E149000423FA1 /* NavgationAlphaDemoUITests.m in Sources */ = {isa = PBXBuildFile; fileRef = 3E950127200E149000423FA1 /* NavgationAlphaDemoUITests.m */; };
		3E950138200E14B100423FA1 /* TViewController.m in Sources */ = {isa = PBXBuildFile; fileRef = 3E950136200E14B100423FA1 /* TViewController.m */; };
		3E950139200E14B100423FA1 /* TViewController.xib in Resources */ = {isa = PBXBuildFile; fileRef = 3E950137200E14B100423FA1 /* TViewController.xib */; };
/* End PBXBuildFile section */

/* Begin PBXContainerItemProxy section */
		3E950119200E149000423FA1 /* PBXContainerItemProxy */ = {
			isa = PBXContainerItemProxy;
			containerPortal = 3E9500F8200E148F00423FA1 /* Project object */;
			proxyType = 1;
			remoteGlobalIDString = 3E9500FF200E148F00423FA1;
			remoteInfo = NavgationAlphaDemo;
		};
		3E950124200E149000423FA1 /* PBXContainerItemProxy */ = {
			isa = PBXContainerItemProxy;
			containerPortal = 3E9500F8200E148F00423FA1 /* Project object */;
			proxyType = 1;
			remoteGlobalIDString = 3E9500FF200E148F00423FA1;
			remoteInfo = NavgationAlphaDemo;
		};
/* End PBXContainerItemProxy section */

/* Begin PBXFileReference section */
		3E950100200E148F00423FA1 /* NavgationAlphaDemo.app */ = {isa = PBXFileReference; explicitFileType = wrapper.application; includeInIndex = 0; path = NavgationAlphaDemo.app; sourceTree = BUILT_PRODUCTS_DIR; };
		3E950103200E148F00423FA1 /* AppDelegate.h */ = {isa = PBXFileReference; lastKnownFileType = sourcecode.c.h; path = AppDelegate.h; sourceTree = "<group>"; };
		3E950104200E148F00423FA1 /* AppDelegate.m */ = {isa = PBXFileReference; lastKnownFileType = sourcecode.c.objc; path = AppDelegate.m; sourceTree = "<group>"; };
		3E950106200E148F00423FA1 /* ViewController.h */ = {isa = PBXFileReference; lastKnownFileType = sourcecode.c.h; path = ViewController.h; sourceTree = "<group>"; };
		3E950107200E148F00423FA1 /* ViewController.m */ = {isa = PBXFileReference; lastKnownFileType = sourcecode.c.objc; path = ViewController.m; sourceTree = "<group>"; };
		3E95010A200E148F00423FA1 /* Base */ = {isa = PBXFileReference; lastKnownFileType = file.storyboard; name = Base; path = Base.lproj/Main.storyboard; sourceTree = "<group>"; };
		3E95010C200E148F00423FA1 /* Assets.xcassets */ = {isa = PBXFileReference; lastKnownFileType = folder.assetcatalog; path = Assets.xcassets; sourceTree = "<group>"; };
		3E95010F200E148F00423FA1 /* Base */ = {isa = PBXFileReference; lastKnownFileType = file.storyboard; name = Base; path = Base.lproj/LaunchScreen.storyboard; sourceTree = "<group>"; };
		3E950111200E148F00423FA1 /* Info.plist */ = {isa = PBXFileReference; lastKnownFileType = text.plist.xml; path = Info.plist; sourceTree = "<group>"; };
		3E950112200E148F00423FA1 /* main.m */ = {isa = PBXFileReference; lastKnownFileType = sourcecode.c.objc; path = main.m; sourceTree = "<group>"; };
		3E950118200E149000423FA1 /* NavgationAlphaDemoTests.xctest */ = {isa = PBXFileReference; explicitFileType = wrapper.cfbundle; includeInIndex = 0; path = NavgationAlphaDemoTests.xctest; sourceTree = BUILT_PRODUCTS_DIR; };
		3E95011C200E149000423FA1 /* NavgationAlphaDemoTests.m */ = {isa = PBXFileReference; lastKnownFileType = sourcecode.c.objc; path = NavgationAlphaDemoTests.m; sourceTree = "<group>"; };
		3E95011E200E149000423FA1 /* Info.plist */ = {isa = PBXFileReference; lastKnownFileType = text.plist.xml; path = Info.plist; sourceTree = "<group>"; };
		3E950123200E149000423FA1 /* NavgationAlphaDemoUITests.xctest */ = {isa = PBXFileReference; explicitFileType = wrapper.cfbundle; includeInIndex = 0; path = NavgationAlphaDemoUITests.xctest; sourceTree = BUILT_PRODUCTS_DIR; };
		3E950127200E149000423FA1 /* NavgationAlphaDemoUITests.m */ = {isa = PBXFileReference; lastKnownFileType = sourcecode.c.objc; path = NavgationAlphaDemoUITests.m; sourceTree = "<group>"; };
		3E950129200E149000423FA1 /* Info.plist */ = {isa = PBXFileReference; lastKnownFileType = text.plist.xml; path = Info.plist; sourceTree = "<group>"; };
		3E950135200E14B100423FA1 /* TViewController.h */ = {isa = PBXFileReference; lastKnownFileType = sourcecode.c.h; path = TViewController.h; sourceTree = "<group>"; };
		3E950136200E14B100423FA1 /* TViewController.m */ = {isa = PBXFileReference; lastKnownFileType = sourcecode.c.objc; path = TViewController.m; sourceTree = "<group>"; };
		3E950137200E14B100423FA1 /* TViewController.xib */ = {isa = PBXFileReference; lastKnownFileType = file.xib; path = TViewController.xib; sourceTree = "<group>"; };
/* End PBXFileReference section */

/* Begin PBXFrameworksBuildPhase section */
		3E9500FD200E148F00423FA1 /* Frameworks */ = {
			isa = PBXFrameworksBuildPhase;
			buildActionMask = 2147483647;
			files = (
			);
			runOnlyForDeploymentPostprocessing = 0;
		};
		3E950115200E149000423FA1 /* Frameworks */ = {
			isa = PBXFrameworksBuildPhase;
			buildActionMask = 2147483647;
			files = (
			);
			runOnlyForDeploymentPostprocessing = 0;
		};
		3E950120200E149000423FA1 /* Frameworks */ = {
			isa = PBXFrameworksBuildPhase;
			buildActionMask = 2147483647;
			files = (
			);
			runOnlyForDeploymentPostprocessing = 0;
		};
/* End PBXFrameworksBuildPhase section */

/* Begin PBXGroup section */
		3E9500F7200E148F00423FA1 = {
			isa = PBXGroup;
			children = (
				3E950102200E148F00423FA1 /* NavgationAlphaDemo */,
				3E95011B200E149000423FA1 /* NavgationAlphaDemoTests */,
				3E950126200E149000423FA1 /* NavgationAlphaDemoUITests */,
				3E950101200E148F00423FA1 /* Products */,
			);
			sourceTree = "<group>";
		};
		3E950101200E148F00423FA1 /* Products */ = {
			isa = PBXGroup;
			children = (
				3E950100200E148F00423FA1 /* NavgationAlphaDemo.app */,
				3E950118200E149000423FA1 /* NavgationAlphaDemoTests.xctest */,
				3E950123200E149000423FA1 /* NavgationAlphaDemoUITests.xctest */,
			);
			name = Products;
			sourceTree = "<group>";
		};
		3E950102200E148F00423FA1 /* NavgationAlphaDemo */ = {
			isa = PBXGroup;
			children = (
				3E950103200E148F00423FA1 /* AppDelegate.h */,
				3E950104200E148F00423FA1 /* AppDelegate.m */,
				3E950106200E148F00423FA1 /* ViewController.h */,
				3E950107200E148F00423FA1 /* ViewController.m */,
				3E950135200E14B100423FA1 /* TViewController.h */,
				3E950136200E14B100423FA1 /* TViewController.m */,
				3E950137200E14B100423FA1 /* TViewController.xib */,
				3E950109200E148F00423FA1 /* Main.storyboard */,
				3E95010C200E148F00423FA1 /* Assets.xcassets */,
				3E95010E200E148F00423FA1 /* LaunchScreen.storyboard */,
				3E950111200E148F00423FA1 /* Info.plist */,
				3E950112200E148F00423FA1 /* main.m */,
			);
			path = NavgationAlphaDemo;
			sourceTree = "<group>";
		};
		3E95011B200E149000423FA1 /* NavgationAlphaDemoTests */ = {
			isa = PBXGroup;
			children = (
				3E95011C200E149000423FA1 /* NavgationAlphaDemoTests.m */,
				3E95011E200E149000423FA1 /* Info.plist */,
			);
			path = NavgationAlphaDemoTests;
			sourceTree = "<group>";
		};
		3E950126200E149000423FA1 /* NavgationAlphaDemoUITests */ = {
			isa = PBXGroup;
			children = (
				3E950127200E149000423FA1 /* NavgationAlphaDemoUITests.m */,
				3E950129200E149000423FA1 /* Info.plist */,
			);
			path = NavgationAlphaDemoUITests;
			sourceTree = "<group>";
		};
/* End PBXGroup section */

/* Begin PBXNativeTarget section */
		3E9500FF200E148F00423FA1 /* NavgationAlphaDemo */ = {
			isa = PBXNativeTarget;
			buildConfigurationList = 3E95012C200E149000423FA1 /* Build configuration list for PBXNativeTarget "NavgationAlphaDemo" */;
			buildPhases = (
				3E9500FC200E148F00423FA1 /* Sources */,
				3E9500FD200E148F00423FA1 /* Frameworks */,
				3E9500FE200E148F00423FA1 /* Resources */,
			);
			buildRules = (
			);
			dependencies = (
			);
			name = NavgationAlphaDemo;
			productName = NavgationAlphaDemo;
			productReference = 3E950100200E148F00423FA1 /* NavgationAlphaDemo.app */;
			productType = "com.apple.product-type.application";
		};
		3E950117200E149000423FA1 /* NavgationAlphaDemoTests */ = {
			isa = PBXNativeTarget;
			buildConfigurationList = 3E95012F200E149000423FA1 /* Build configuration list for PBXNativeTarget "NavgationAlphaDemoTests" */;
			buildPhases = (
				3E950114200E149000423FA1 /* Sources */,
				3E950115200E149000423FA1 /* Frameworks */,
				3E950116200E149000423FA1 /* Resources */,
			);
			buildRules = (
			);
			dependencies = (
				3E95011A200E149000423FA1 /* PBXTargetDependency */,
			);
			name = NavgationAlphaDemoTests;
			productName = NavgationAlphaDemoTests;
			productReference = 3E950118200E149000423FA1 /* NavgationAlphaDemoTests.xctest */;
			productType = "com.apple.product-type.bundle.unit-test";
		};
		3E950122200E149000423FA1 /* NavgationAlphaDemoUITests */ = {
			isa = PBXNativeTarget;
			buildConfigurationList = 3E950132200E149000423FA1 /* Build configuration list for PBXNativeTarget "NavgationAlphaDemoUITests" */;
			buildPhases = (
				3E95011F200E149000423FA1 /* Sources */,
				3E950120200E149000423FA1 /* Frameworks */,
				3E950121200E149000423FA1 /* Resources */,
			);
			buildRules = (
			);
			dependencies = (
				3E950125200E149000423FA1 /* PBXTargetDependency */,
			);
			name = NavgationAlphaDemoUITests;
			productName = NavgationAlphaDemoUITests;
			productReference = 3E950123200E149000423FA1 /* NavgationAlphaDemoUITests.xctest */;
			productType = "com.apple.product-type.bundle.ui-testing";
		};
/* End PBXNativeTarget section */

/* Begin PBXProject section */
		3E9500F8200E148F00423FA1 /* Project object */ = {
			isa = PBXProject;
			attributes = {
				LastUpgradeCheck = 0920;
				ORGANIZATIONNAME = YangLin;
				TargetAttributes = {
					3E9500FF200E148F00423FA1 = {
						CreatedOnToolsVersion = 9.2;
						ProvisioningStyle = Automatic;
					};
					3E950117200E149000423FA1 = {
						CreatedOnToolsVersion = 9.2;
						ProvisioningStyle = Automatic;
						TestTargetID = 3E9500FF200E148F00423FA1;
					};
					3E950122200E149000423FA1 = {
						CreatedOnToolsVersion = 9.2;
						ProvisioningStyle = Automatic;
						TestTargetID = 3E9500FF200E148F00423FA1;
					};
				};
			};
			buildConfigurationList = 3E9500FB200E148F00423FA1 /* Build configuration list for PBXProject "NavgationAlphaDemo" */;
			compatibilityVersion = "Xcode 8.0";
			developmentRegion = en;
			hasScannedForEncodings = 0;
			knownRegions = (
				en,
				Base,
			);
			mainGroup = 3E9500F7200E148F00423FA1;
			productRefGroup = 3E950101200E148F00423FA1 /* Products */;
			projectDirPath = "";
			projectRoot = "";
			targets = (
				3E9500FF200E148F00423FA1 /* NavgationAlphaDemo */,
				3E950117200E149000423FA1 /* NavgationAlphaDemoTests */,
				3E950122200E149000423FA1 /* NavgationAlphaDemoUITests */,
			);
		};
/* End PBXProject section */

/* Begin PBXResourcesBuildPhase section */
		3E9500FE200E148F00423FA1 /* Resources */ = {
			isa = PBXResourcesBuildPhase;
			buildActionMask = 2147483647;
			files = (
				3E950110200E148F00423FA1 /* LaunchScreen.storyboard in Resources */,
				3E95010D200E148F00423FA1 /* Assets.xcassets in Resources */,
				3E95010B200E148F00423FA1 /* Main.storyboard in Resources */,
				3E950139200E14B100423FA1 /* TViewController.xib in Resources */,
			);
			runOnlyForDeploymentPostprocessing = 0;
		};
		3E950116200E149000423FA1 /* Resources */ = {
			isa = PBXResourcesBuildPhase;
			buildActionMask = 2147483647;
			files = (
			);
			runOnlyForDeploymentPostprocessing = 0;
		};
		3E950121200E149000423FA1 /* Resources */ = {
			isa = PBXResourcesBuildPhase;
			buildActionMask = 2147483647;
			files = (
			);
			runOnlyForDeploymentPostprocessing = 0;
		};
/* End PBXResourcesBuildPhase section */

/* Begin PBXSourcesBuildPhase section */
		3E9500FC200E148F00423FA1 /* Sources */ = {
			isa = PBXSourcesBuildPhase;
			buildActionMask = 2147483647;
			files = (
				3E950108200E148F00423FA1 /* ViewController.m in Sources */,
				3E950113200E148F00423FA1 /* main.m in Sources */,
				3E950105200E148F00423FA1 /* AppDelegate.m in Sources */,
				3E950138200E14B100423FA1 /* TViewController.m in Sources */,
			);
			runOnlyForDeploymentPostprocessing = 0;
		};
		3E950114200E149000423FA1 /* Sources */ = {
			isa = PBXSourcesBuildPhase;
			buildActionMask = 2147483647;
			files = (
				3E95011D200E149000423FA1 /* NavgationAlphaDemoTests.m in Sources */,
			);
			runOnlyForDeploymentPostprocessing = 0;
		};
		3E95011F200E149000423FA1 /* Sources */ = {
			isa = PBXSourcesBuildPhase;
			buildActionMask = 2147483647;
			files = (
				3E950128200E149000423FA1 /* NavgationAlphaDemoUITests.m in Sources */,
			);
			runOnlyForDeploymentPostprocessing = 0;
		};
/* End PBXSourcesBuildPhase section */

/* Begin PBXTargetDependency section */
		3E95011A200E149000423FA1 /* PBXTargetDependency */ = {
			isa = PBXTargetDependency;
			target = 3E9500FF200E148F00423FA1 /* NavgationAlphaDemo */;
			targetProxy = 3E950119200E149000423FA1 /* PBXContainerItemProxy */;
		};
		3E950125200E149000423FA1 /* PBXTargetDependency */ = {
			isa = PBXTargetDependency;
			target = 3E9500FF200E148F00423FA1 /* NavgationAlphaDemo */;
			targetProxy = 3E950124200E149000423FA1 /* PBXContainerItemProxy */;
		};
/* End PBXTargetDependency section */

/* Begin PBXVariantGroup section */
		3E950109200E148F00423FA1 /* Main.storyboard */ = {
			isa = PBXVariantGroup;
			children = (
				3E95010A200E148F00423FA1 /* Base */,
			);
			name = Main.storyboard;
			sourceTree = "<group>";
		};
		3E95010E200E148F00423FA1 /* LaunchScreen.storyboard */ = {
			isa = PBXVariantGroup;
			children = (
				3E95010F200E148F00423FA1 /* Base */,
			);
			name = LaunchScreen.storyboard;
			sourceTree = "<group>";
		};
/* End PBXVariantGroup section */

/* Begin XCBuildConfiguration section */
		3E95012A200E149000423FA1 /* Debug */ = {
			isa = XCBuildConfiguration;
			buildSettings = {
				ALWAYS_SEARCH_USER_PATHS = NO;
				CLANG_ANALYZER_NONNULL = YES;
				CLANG_ANALYZER_NUMBER_OBJECT_CONVERSION = YES_AGGRESSIVE;
				CLANG_CXX_LANGUAGE_STANDARD = "gnu++14";
				CLANG_CXX_LIBRARY = "libc++";
				CLANG_ENABLE_MODULES = YES;
				CLANG_ENABLE_OBJC_ARC = YES;
				CLANG_WARN_BLOCK_CAPTURE_AUTORELEASING = YES;
				CLANG_WARN_BOOL_CONVERSION = YES;
				CLANG_WARN_COMMA = YES;
				CLANG_WARN_CONSTANT_CONVERSION = YES;
				CLANG_WARN_DIRECT_OBJC_ISA_USAGE = YES_ERROR;
				CLANG_WARN_DOCUMENTATION_COMMENTS = YES;
				CLANG_WARN_EMPTY_BODY = YES;
				CLANG_WARN_ENUM_CONVERSION = YES;
				CLANG_WARN_INFINITE_RECURSION = YES;
				CLANG_WARN_INT_CONVERSION = YES;
				CLANG_WARN_NON_LITERAL_NULL_CONVERSION = YES;
				CLANG_WARN_OBJC_LITERAL_CONVERSION = YES;
				CLANG_WARN_OBJC_ROOT_CLASS = YES_ERROR;
				CLANG_WARN_RANGE_LOOP_ANALYSIS = YES;
				CLANG_WARN_STRICT_PROTOTYPES = YES;
				CLANG_WARN_SUSPICIOUS_MOVE = YES;
				CLANG_WARN_UNGUARDED_AVAILABILITY = YES_AGGRESSIVE;
				CLANG_WARN_UNREACHABLE_CODE = YES;
				CLANG_WARN__DUPLICATE_METHOD_MATCH = YES;
				CODE_SIGN_IDENTITY = "iPhone Developer";
				COPY_PHASE_STRIP = NO;
				DEBUG_INFORMATION_FORMAT = dwarf;
				ENABLE_STRICT_OBJC_MSGSEND = YES;
				ENABLE_TESTABILITY = YES;
				GCC_C_LANGUAGE_STANDARD = gnu11;
				GCC_DYNAMIC_NO_PIC = NO;
				GCC_NO_COMMON_BLOCKS = YES;
				GCC_OPTIMIZATION_LEVEL = 0;
				GCC_PREPROCESSOR_DEFINITIONS = (
					"DEBUG=1",
					"$(inherited)",
				);
				GCC_WARN_64_TO_32_BIT_CONVERSION = YES;
				GCC_WARN_ABOUT_RETURN_TYPE = YES_ERROR;
				GCC_WARN_UNDECLARED_SELECTOR = YES;
				GCC_WARN_UNINITIALIZED_AUTOS = YES_AGGRESSIVE;
				GCC_WARN_UNUSED_FUNCTION = YES;
				GCC_WARN_UNUSED_VARIABLE = YES;
				IPHONEOS_DEPLOYMENT_TARGET = 11.2;
				MTL_ENABLE_DEBUG_INFO = YES;
				ONLY_ACTIVE_ARCH = YES;
				SDKROOT = iphoneos;
			};
			name = Debug;
		};
		3E95012B200E149000423FA1 /* Release */ = {
			isa = XCBuildConfiguration;
			buildSettings = {
				ALWAYS_SEARCH_USER_PATHS = NO;
				CLANG_ANALYZER_NONNULL = YES;
				CLANG_ANALYZER_NUMBER_OBJECT_CONVERSION = YES_AGGRESSIVE;
				CLANG_CXX_LANGUAGE_STANDARD = "gnu++14";
				CLANG_CXX_LIBRARY = "libc++";
				CLANG_ENABLE_MODULES = YES;
				CLANG_ENABLE_OBJC_ARC = YES;
				CLANG_WARN_BLOCK_CAPTURE_AUTORELEASING = YES;
				CLANG_WARN_BOOL_CONVERSION = YES;
				CLANG_WARN_COMMA = YES;
				CLANG_WARN_CONSTANT_CONVERSION = YES;
				CLANG_WARN_DIRECT_OBJC_ISA_USAGE = YES_ERROR;
				CLANG_WARN_DOCUMENTATION_COMMENTS = YES;
				CLANG_WARN_EMPTY_BODY = YES;
				CLANG_WARN_ENUM_CONVERSION = YES;
				CLANG_WARN_INFINITE_RECURSION = YES;
				CLANG_WARN_INT_CONVERSION = YES;
				CLANG_WARN_NON_LITERAL_NULL_CONVERSION = YES;
				CLANG_WARN_OBJC_LITERAL_CONVERSION = YES;
				CLANG_WARN_OBJC_ROOT_CLASS = YES_ERROR;
				CLANG_WARN_RANGE_LOOP_ANALYSIS = YES;
				CLANG_WARN_STRICT_PROTOTYPES = YES;
				CLANG_WARN_SUSPICIOUS_MOVE = YES;
				CLANG_WARN_UNGUARDED_AVAILABILITY = YES_AGGRESSIVE;
				CLANG_WARN_UNREACHABLE_CODE = YES;
				CLANG_WARN__DUPLICATE_METHOD_MATCH = YES;
				CODE_SIGN_IDENTITY = "iPhone Developer";
				COPY_PHASE_STRIP = NO;
				DEBUG_INFORMATION_FORMAT = "dwarf-with-dsym";
				ENABLE_NS_ASSERTIONS = NO;
				ENABLE_STRICT_OBJC_MSGSEND = YES;
				GCC_C_LANGUAGE_STANDARD = gnu11;
				GCC_NO_COMMON_BLOCKS = YES;
				GCC_WARN_64_TO_32_BIT_CONVERSION = YES;
				GCC_WARN_ABOUT_RETURN_TYPE = YES_ERROR;
				GCC_WARN_UNDECLARED_SELECTOR = YES;
				GCC_WARN_UNINITIALIZED_AUTOS = YES_AGGRESSIVE;
				GCC_WARN_UNUSED_FUNCTION = YES;
				GCC_WARN_UNUSED_VARIABLE = YES;
				IPHONEOS_DEPLOYMENT_TARGET = 11.2;
				MTL_ENABLE_DEBUG_INFO = NO;
				SDKROOT = iphoneos;
				VALIDATE_PRODUCT = YES;
			};
			name = Release;
		};
		3E95012D200E149000423FA1 /* Debug */ = {
			isa = XCBuildConfiguration;
			buildSettings = {
				ASSETCATALOG_COMPILER_APPICON_NAME = AppIcon;
				CODE_SIGN_STYLE = Automatic;
				DEVELOPMENT_TEAM = YDDGQ3YALT;
				INFOPLIST_FILE = NavgationAlphaDemo/Info.plist;
				IPHONEOS_DEPLOYMENT_TARGET = 11.0;
				LD_RUNPATH_SEARCH_PATHS = "$(inherited) @executable_path/Frameworks";
				PRODUCT_BUNDLE_IDENTIFIER = com.yanglin.NavgationAlphaDemo;
				PRODUCT_NAME = "$(TARGET_NAME)";
				TARGETED_DEVICE_FAMILY = "1,2";
			};
			name = Debug;
		};
		3E95012E200E149000423FA1 /* Release */ = {
			isa = XCBuildConfiguration;
			buildSettings = {
				ASSETCATALOG_COMPILER_APPICON_NAME = AppIcon;
				CODE_SIGN_STYLE = Automatic;
				DEVELOPMENT_TEAM = YDDGQ3YALT;
				INFOPLIST_FILE = NavgationAlphaDemo/Info.plist;
				IPHONEOS_DEPLOYMENT_TARGET = 11.0;
				LD_RUNPATH_SEARCH_PATHS = "$(inherited) @executable_path/Frameworks";
				PRODUCT_BUNDLE_IDENTIFIER = com.yanglin.NavgationAlphaDemo;
				PRODUCT_NAME = "$(TARGET_NAME)";
				TARGETED_DEVICE_FAMILY = "1,2";
			};
			name = Release;
		};
		3E950130200E149000423FA1 /* Debug */ = {
			isa = XCBuildConfiguration;
			buildSettings = {
				BUNDLE_LOADER = "$(TEST_HOST)";
				CODE_SIGN_STYLE = Automatic;
				DEVELOPMENT_TEAM = YDDGQ3YALT;
				INFOPLIST_FILE = NavgationAlphaDemoTests/Info.plist;
				LD_RUNPATH_SEARCH_PATHS = "$(inherited) @executable_path/Frameworks @loader_path/Frameworks";
				PRODUCT_BUNDLE_IDENTIFIER = com.yanglin.NavgationAlphaDemoTests;
				PRODUCT_NAME = "$(TARGET_NAME)";
				TARGETED_DEVICE_FAMILY = "1,2";
				TEST_HOST = "$(BUILT_PRODUCTS_DIR)/NavgationAlphaDemo.app/NavgationAlphaDemo";
			};
			name = Debug;
		};
		3E950131200E149000423FA1 /* Release */ = {
			isa = XCBuildConfiguration;
			buildSettings = {
				BUNDLE_LOADER = "$(TEST_HOST)";
				CODE_SIGN_STYLE = Automatic;
				DEVELOPMENT_TEAM = YDDGQ3YALT;
				INFOPLIST_FILE = NavgationAlphaDemoTests/Info.plist;
				LD_RUNPATH_SEARCH_PATHS = "$(inherited) @executable_path/Frameworks @loader_path/Frameworks";
				PRODUCT_BUNDLE_IDENTIFIER = com.yanglin.NavgationAlphaDemoTests;
				PRODUCT_NAME = "$(TARGET_NAME)";
				TARGETED_DEVICE_FAMILY = "1,2";
				TEST_HOST = "$(BUILT_PRODUCTS_DIR)/NavgationAlphaDemo.app/NavgationAlphaDemo";
			};
			name = Release;
		};
		3E950133200E149000423FA1 /* Debug */ = {
			isa = XCBuildConfiguration;
			buildSettings = {
				CODE_SIGN_STYLE = Automatic;
				DEVELOPMENT_TEAM = YDDGQ3YALT;
				INFOPLIST_FILE = NavgationAlphaDemoUITests/Info.plist;
				LD_RUNPATH_SEARCH_PATHS = "$(inherited) @executable_path/Frameworks @loader_path/Frameworks";
				PRODUCT_BUNDLE_IDENTIFIER = com.yanglin.NavgationAlphaDemoUITests;
				PRODUCT_NAME = "$(TARGET_NAME)";
				TARGETED_DEVICE_FAMILY = "1,2";
				TEST_TARGET_NAME = NavgationAlphaDemo;
			};
			name = Debug;
		};
		3E950134200E149000423FA1 /* Release */ = {
			isa = XCBuildConfiguration;
			buildSettings = {
				CODE_SIGN_STYLE = Automatic;
				DEVELOPMENT_TEAM = YDDGQ3YALT;
				INFOPLIST_FILE = NavgationAlphaDemoUITests/Info.plist;
				LD_RUNPATH_SEARCH_PATHS = "$(inherited) @executable_path/Frameworks @loader_path/Frameworks";
				PRODUCT_BUNDLE_IDENTIFIER = com.yanglin.NavgationAlphaDemoUITests;
				PRODUCT_NAME = "$(TARGET_NAME)";
				TARGETED_DEVICE_FAMILY = "1,2";
				TEST_TARGET_NAME = NavgationAlphaDemo;
			};
			name = Release;
		};
/* End XCBuildConfiguration section */

/* Begin XCConfigurationList section */
		3E9500FB200E148F00423FA1 /* Build configuration list for PBXProject "NavgationAlphaDemo" */ = {
			isa = XCConfigurationList;
			buildConfigurations = (
				3E95012A200E149000423FA1 /* Debug */,
				3E95012B200E149000423FA1 /* Release */,
			);
			defaultConfigurationIsVisible = 0;
			defaultConfigurationName = Release;
		};
		3E95012C200E149000423FA1 /* Build configuration list for PBXNativeTarget "NavgationAlphaDemo" */ = {
			isa = XCConfigurationList;
			buildConfigurations = (
				3E95012D200E149000423FA1 /* Debug */,
				3E95012E200E149000423FA1 /* Release */,
			);
			defaultConfigurationIsVisible = 0;
			defaultConfigurationName = Release;
		};
		3E95012F200E149000423FA1 /* Build configuration list for PBXNativeTarget "NavgationAlphaDemoTests" */ = {
			isa = XCConfigurationList;
			buildConfigurations = (
				3E950130200E149000423FA1 /* Debug */,
				3E950131200E149000423FA1 /* Release */,
			);
			defaultConfigurationIsVisible = 0;
			defaultConfigurationName = Release;
		};
		3E950132200E149000423FA1 /* Build configuration list for PBXNativeTarget "NavgationAlphaDemoUITests" */ = {
			isa = XCConfigurationList;
			buildConfigurations = (
				3E950133200E149000423FA1 /* Debug */,
				3E950134200E149000423FA1 /* Release */,
			);
			defaultConfigurationIsVisible = 0;
			defaultConfigurationName = Release;
		};
/* End XCConfigurationList section */
	};
	rootObject = 3E9500F8200E148F00423FA1 /* Project object */;
}
